
Microsoft Visual Studio Solution File, Format Version 12.00
# Visual Studio Version 17
VisualStudioVersion = 17.12.35707.178 d17.12
MinimumVisualStudioVersion = 10.0.40219.1
Project("{FAE04EC0-301F-11D3-BF4B-00C04F79EFBC}") = "PropertiesArrow", "PropertiesArrow.csproj", "{A51DCFC6-811A-4EAF-ABEE-E03A114C5CBC}"
EndProject
Global
	GlobalSection(SolutionConfigurationPlatforms) = preSolution
		Debug|Any CPU = Debug|Any CPU
		Release|Any CPU = Release|Any CPU
	EndGlobalSection
	GlobalSection(ProjectConfigurationPlatforms) = postSolution
		{A51DCFC6-811A-4EAF-ABEE-E03A114C5CBC}.Debug|Any CPU.ActiveCfg = Debug|Any CPU
		{A51DCFC6-811A-4EAF-ABEE-E03A114C5CBC}.Debug|Any CPU.Build.0 = Debug|Any CPU
		{A51DCFC6-811A-4EAF-ABEE-E03A114C5CBC}.Release|Any CPU.ActiveCfg = Release|Any CPU
		{A51DCFC6-811A-4EAF-ABEE-E03A114C5CBC}.Release|Any CPU.Build.0 = Release|Any CPU
	EndGlobalSection
	GlobalSection(SolutionProperties) = preSolution
		HideSolutionNode = FALSE
	EndGlobalSection
EndGlobal
